<?xml version="1.0" encoding="utf-8"?>
<Project ToolsVersion="17.0" xmlns="http://schemas.microsoft.com/developer/msbuild/2003">
  <ItemGroup>
    <ClCompile Include="C:\Users\gupue\source\repos\spider-engine\dependencies\assimp-6.0.2\test\unit\CCompilerTest.c">
      <Filter>UnitTests\Compiler</Filter>
    </ClCompile>
    <ClCompile Include="C:\Users\gupue\source\repos\spider-engine\dependencies\assimp-6.0.2\test\unit\Main.cpp">
      <Filter>Source Files</Filter>
    </ClCompile>
    <ClCompile Include="C:\Users\gupue\source\repos\spider-engine\dependencies\assimp-6.0.2\code\Common\Version.cpp">
      <Filter>Source Files</Filter>
    </ClCompile>
    <ClCompile Include="C:\Users\gupue\source\repos\spider-engine\dependencies\assimp-6.0.2\code\Common\Base64.cpp">
      <Filter>Source Files</Filter>
    </ClCompile>
    <ClCompile Include="C:\Users\gupue\source\repos\spider-engine\dependencies\assimp-6.0.2\test\unit\utSimd.cpp">
      <Filter>UnitTests\Common</Filter>
    </ClCompile>
    <ClCompile Include="C:\Users\gupue\source\repos\spider-engine\dependencies\assimp-6.0.2\test\unit\utIOSystem.cpp">
      <Filter>UnitTests\Common</Filter>
    </ClCompile>
    <ClCompile Include="C:\Users\gupue\source\repos\spider-engine\dependencies\assimp-6.0.2\test\unit\utIOStreamBuffer.cpp">
      <Filter>UnitTests\Common</Filter>
    </ClCompile>
    <ClCompile Include="C:\Users\gupue\source\repos\spider-engine\dependencies\assimp-6.0.2\test\unit\utIssues.cpp">
      <Filter>UnitTests\Common</Filter>
    </ClCompile>
    <ClCompile Include="C:\Users\gupue\source\repos\spider-engine\dependencies\assimp-6.0.2\test\unit\utAnim.cpp">
      <Filter>UnitTests\Common</Filter>
    </ClCompile>
    <ClCompile Include="C:\Users\gupue\source\repos\spider-engine\dependencies\assimp-6.0.2\test\unit\AssimpAPITest.cpp">
      <Filter>UnitTests\Common</Filter>
    </ClCompile>
    <ClCompile Include="C:\Users\gupue\source\repos\spider-engine\dependencies\assimp-6.0.2\test\unit\AssimpAPITest_aiMatrix3x3.cpp">
      <Filter>UnitTests\Common</Filter>
    </ClCompile>
    <ClCompile Include="C:\Users\gupue\source\repos\spider-engine\dependencies\assimp-6.0.2\test\unit\AssimpAPITest_aiMatrix4x4.cpp">
      <Filter>UnitTests\Common</Filter>
    </ClCompile>
    <ClCompile Include="C:\Users\gupue\source\repos\spider-engine\dependencies\assimp-6.0.2\test\unit\AssimpAPITest_aiQuaternion.cpp">
      <Filter>UnitTests\Common</Filter>
    </ClCompile>
    <ClCompile Include="C:\Users\gupue\source\repos\spider-engine\dependencies\assimp-6.0.2\test\unit\AssimpAPITest_aiVector2D.cpp">
      <Filter>UnitTests\Common</Filter>
    </ClCompile>
    <ClCompile Include="C:\Users\gupue\source\repos\spider-engine\dependencies\assimp-6.0.2\test\unit\AssimpAPITest_aiVector3D.cpp">
      <Filter>UnitTests\Common</Filter>
    </ClCompile>
    <ClCompile Include="C:\Users\gupue\source\repos\spider-engine\dependencies\assimp-6.0.2\test\unit\MathTest.cpp">
      <Filter>UnitTests\Common</Filter>
    </ClCompile>
    <ClCompile Include="C:\Users\gupue\source\repos\spider-engine\dependencies\assimp-6.0.2\test\unit\utBatchLoader.cpp">
      <Filter>UnitTests\Common</Filter>
    </ClCompile>
    <ClCompile Include="C:\Users\gupue\source\repos\spider-engine\dependencies\assimp-6.0.2\test\unit\utDefaultIOStream.cpp">
      <Filter>UnitTests\Common</Filter>
    </ClCompile>
    <ClCompile Include="C:\Users\gupue\source\repos\spider-engine\dependencies\assimp-6.0.2\test\unit\utFastAtof.cpp">
      <Filter>UnitTests\Common</Filter>
    </ClCompile>
    <ClCompile Include="C:\Users\gupue\source\repos\spider-engine\dependencies\assimp-6.0.2\test\unit\utMetadata.cpp">
      <Filter>UnitTests\Common</Filter>
    </ClCompile>
    <ClCompile Include="C:\Users\gupue\source\repos\spider-engine\dependencies\assimp-6.0.2\test\unit\SceneDiffer.cpp">
      <Filter>UnitTests\Common</Filter>
    </ClCompile>
    <ClCompile Include="C:\Users\gupue\source\repos\spider-engine\dependencies\assimp-6.0.2\test\unit\AbstractImportExportBase.cpp">
      <Filter>UnitTests\Common</Filter>
    </ClCompile>
    <ClCompile Include="C:\Users\gupue\source\repos\spider-engine\dependencies\assimp-6.0.2\test\unit\utTypes.cpp">
      <Filter>UnitTests\Common</Filter>
    </ClCompile>
    <ClCompile Include="C:\Users\gupue\source\repos\spider-engine\dependencies\assimp-6.0.2\test\unit\utVersion.cpp">
      <Filter>UnitTests\Common</Filter>
    </ClCompile>
    <ClCompile Include="C:\Users\gupue\source\repos\spider-engine\dependencies\assimp-6.0.2\test\unit\Common\utParsingUtils.cpp">
      <Filter>UnitTests\Common</Filter>
    </ClCompile>
    <ClCompile Include="C:\Users\gupue\source\repos\spider-engine\dependencies\assimp-6.0.2\test\unit\utProfiler.cpp">
      <Filter>UnitTests\Common</Filter>
    </ClCompile>
    <ClCompile Include="C:\Users\gupue\source\repos\spider-engine\dependencies\assimp-6.0.2\test\unit\utSharedPPData.cpp">
      <Filter>UnitTests\Common</Filter>
    </ClCompile>
    <ClCompile Include="C:\Users\gupue\source\repos\spider-engine\dependencies\assimp-6.0.2\test\unit\utStringUtils.cpp">
      <Filter>UnitTests\Common</Filter>
    </ClCompile>
    <ClCompile Include="C:\Users\gupue\source\repos\spider-engine\dependencies\assimp-6.0.2\test\unit\Common\utMaybe.cpp">
      <Filter>UnitTests\Common</Filter>
    </ClCompile>
    <ClCompile Include="C:\Users\gupue\source\repos\spider-engine\dependencies\assimp-6.0.2\test\unit\Common\utMesh.cpp">
      <Filter>UnitTests\Common</Filter>
    </ClCompile>
    <ClCompile Include="C:\Users\gupue\source\repos\spider-engine\dependencies\assimp-6.0.2\test\unit\Common\utStandardShapes.cpp">
      <Filter>UnitTests\Common</Filter>
    </ClCompile>
    <ClCompile Include="C:\Users\gupue\source\repos\spider-engine\dependencies\assimp-6.0.2\test\unit\Common\uiScene.cpp">
      <Filter>UnitTests\Common</Filter>
    </ClCompile>
    <ClCompile Include="C:\Users\gupue\source\repos\spider-engine\dependencies\assimp-6.0.2\test\unit\Common\utLineSplitter.cpp">
      <Filter>UnitTests\Common</Filter>
    </ClCompile>
    <ClCompile Include="C:\Users\gupue\source\repos\spider-engine\dependencies\assimp-6.0.2\test\unit\Common\utSpatialSort.cpp">
      <Filter>UnitTests\Common</Filter>
    </ClCompile>
    <ClCompile Include="C:\Users\gupue\source\repos\spider-engine\dependencies\assimp-6.0.2\test\unit\Common\utAssertHandler.cpp">
      <Filter>UnitTests\Common</Filter>
    </ClCompile>
    <ClCompile Include="C:\Users\gupue\source\repos\spider-engine\dependencies\assimp-6.0.2\test\unit\Common\utXmlParser.cpp">
      <Filter>UnitTests\Common</Filter>
    </ClCompile>
    <ClCompile Include="C:\Users\gupue\source\repos\spider-engine\dependencies\assimp-6.0.2\test\unit\Common\utBase64.cpp">
      <Filter>UnitTests\Common</Filter>
    </ClCompile>
    <ClCompile Include="C:\Users\gupue\source\repos\spider-engine\dependencies\assimp-6.0.2\test\unit\Common\utHash.cpp">
      <Filter>UnitTests\Common</Filter>
    </ClCompile>
    <ClCompile Include="C:\Users\gupue\source\repos\spider-engine\dependencies\assimp-6.0.2\test\unit\Common\utBaseProcess.cpp">
      <Filter>UnitTests\Common</Filter>
    </ClCompile>
    <ClCompile Include="C:\Users\gupue\source\repos\spider-engine\dependencies\assimp-6.0.2\test\unit\Common\utLogger.cpp">
      <Filter>UnitTests\Common</Filter>
    </ClCompile>
    <ClCompile Include="C:\Users\gupue\source\repos\spider-engine\dependencies\assimp-6.0.2\test\unit\Geometry\utGeometryUtils.cpp">
      <Filter>UnitTests\GeometryTools</Filter>
    </ClCompile>
    <ClCompile Include="C:\Users\gupue\source\repos\spider-engine\dependencies\assimp-6.0.2\test\unit\ImportExport\Assxml\utAssxmlImportExport.cpp">
      <Filter>UnitTests\ImportExport</Filter>
    </ClCompile>
    <ClCompile Include="C:\Users\gupue\source\repos\spider-engine\dependencies\assimp-6.0.2\test\unit\utLWSImportExport.cpp">
      <Filter>UnitTests\ImportExport</Filter>
    </ClCompile>
    <ClCompile Include="C:\Users\gupue\source\repos\spider-engine\dependencies\assimp-6.0.2\test\unit\utLWOImportExport.cpp">
      <Filter>UnitTests\ImportExport</Filter>
    </ClCompile>
    <ClCompile Include="C:\Users\gupue\source\repos\spider-engine\dependencies\assimp-6.0.2\test\unit\utSMDImportExport.cpp">
      <Filter>UnitTests\ImportExport</Filter>
    </ClCompile>
    <ClCompile Include="C:\Users\gupue\source\repos\spider-engine\dependencies\assimp-6.0.2\test\unit\utglTFImportExport.cpp">
      <Filter>UnitTests\ImportExport</Filter>
    </ClCompile>
    <ClCompile Include="C:\Users\gupue\source\repos\spider-engine\dependencies\assimp-6.0.2\test\unit\utglTF2ImportExport.cpp">
      <Filter>UnitTests\ImportExport</Filter>
    </ClCompile>
    <ClCompile Include="C:\Users\gupue\source\repos\spider-engine\dependencies\assimp-6.0.2\test\unit\utHMPImportExport.cpp">
      <Filter>UnitTests\ImportExport</Filter>
    </ClCompile>
    <ClCompile Include="C:\Users\gupue\source\repos\spider-engine\dependencies\assimp-6.0.2\test\unit\utIFCImportExport.cpp">
      <Filter>UnitTests\ImportExport</Filter>
    </ClCompile>
    <ClCompile Include="C:\Users\gupue\source\repos\spider-engine\dependencies\assimp-6.0.2\test\unit\utFBXImporterExporter.cpp">
      <Filter>UnitTests\ImportExport</Filter>
    </ClCompile>
    <ClCompile Include="C:\Users\gupue\source\repos\spider-engine\dependencies\assimp-6.0.2\test\unit\utImporter.cpp">
      <Filter>UnitTests\ImportExport</Filter>
    </ClCompile>
    <ClCompile Include="C:\Users\gupue\source\repos\spider-engine\dependencies\assimp-6.0.2\test\unit\ImportExport\utExporter.cpp">
      <Filter>UnitTests\ImportExport</Filter>
    </ClCompile>
    <ClCompile Include="C:\Users\gupue\source\repos\spider-engine\dependencies\assimp-6.0.2\test\unit\ut3DImportExport.cpp">
      <Filter>UnitTests\ImportExport</Filter>
    </ClCompile>
    <ClCompile Include="C:\Users\gupue\source\repos\spider-engine\dependencies\assimp-6.0.2\test\unit\ut3DSImportExport.cpp">
      <Filter>UnitTests\ImportExport</Filter>
    </ClCompile>
    <ClCompile Include="C:\Users\gupue\source\repos\spider-engine\dependencies\assimp-6.0.2\test\unit\utACImportExport.cpp">
      <Filter>UnitTests\ImportExport</Filter>
    </ClCompile>
    <ClCompile Include="C:\Users\gupue\source\repos\spider-engine\dependencies\assimp-6.0.2\test\unit\utAMFImportExport.cpp">
      <Filter>UnitTests\ImportExport</Filter>
    </ClCompile>
    <ClCompile Include="C:\Users\gupue\source\repos\spider-engine\dependencies\assimp-6.0.2\test\unit\utASEImportExport.cpp">
      <Filter>UnitTests\ImportExport</Filter>
    </ClCompile>
    <ClCompile Include="C:\Users\gupue\source\repos\spider-engine\dependencies\assimp-6.0.2\test\unit\utD3MFImportExport.cpp">
      <Filter>UnitTests\ImportExport</Filter>
    </ClCompile>
    <ClCompile Include="C:\Users\gupue\source\repos\spider-engine\dependencies\assimp-6.0.2\test\unit\utQ3DImportExport.cpp">
      <Filter>UnitTests\ImportExport</Filter>
    </ClCompile>
    <ClCompile Include="C:\Users\gupue\source\repos\spider-engine\dependencies\assimp-6.0.2\test\unit\utSTLImportExport.cpp">
      <Filter>UnitTests\ImportExport</Filter>
    </ClCompile>
    <ClCompile Include="C:\Users\gupue\source\repos\spider-engine\dependencies\assimp-6.0.2\test\unit\utXImporterExporter.cpp">
      <Filter>UnitTests\ImportExport</Filter>
    </ClCompile>
    <ClCompile Include="C:\Users\gupue\source\repos\spider-engine\dependencies\assimp-6.0.2\test\unit\utX3DImportExport.cpp">
      <Filter>UnitTests\ImportExport</Filter>
    </ClCompile>
    <ClCompile Include="C:\Users\gupue\source\repos\spider-engine\dependencies\assimp-6.0.2\test\unit\utDXFImporterExporter.cpp">
      <Filter>UnitTests\ImportExport</Filter>
    </ClCompile>
    <ClCompile Include="C:\Users\gupue\source\repos\spider-engine\dependencies\assimp-6.0.2\test\unit\utPMXImporter.cpp">
      <Filter>UnitTests\ImportExport</Filter>
    </ClCompile>
    <ClCompile Include="C:\Users\gupue\source\repos\spider-engine\dependencies\assimp-6.0.2\test\unit\utPLYImportExport.cpp">
      <Filter>UnitTests\ImportExport</Filter>
    </ClCompile>
    <ClCompile Include="C:\Users\gupue\source\repos\spider-engine\dependencies\assimp-6.0.2\test\unit\utObjImportExport.cpp">
      <Filter>UnitTests\ImportExport</Filter>
    </ClCompile>
    <ClCompile Include="C:\Users\gupue\source\repos\spider-engine\dependencies\assimp-6.0.2\test\unit\utObjTools.cpp">
      <Filter>UnitTests\ImportExport</Filter>
    </ClCompile>
    <ClCompile Include="C:\Users\gupue\source\repos\spider-engine\dependencies\assimp-6.0.2\test\unit\utOpenGEXImportExport.cpp">
      <Filter>UnitTests\ImportExport</Filter>
    </ClCompile>
    <ClCompile Include="C:\Users\gupue\source\repos\spider-engine\dependencies\assimp-6.0.2\test\unit\utSIBImporter.cpp">
      <Filter>UnitTests\ImportExport</Filter>
    </ClCompile>
    <ClCompile Include="C:\Users\gupue\source\repos\spider-engine\dependencies\assimp-6.0.2\test\unit\utBlenderIntermediate.cpp">
      <Filter>UnitTests\ImportExport</Filter>
    </ClCompile>
    <ClCompile Include="C:\Users\gupue\source\repos\spider-engine\dependencies\assimp-6.0.2\test\unit\utBlendImportAreaLight.cpp">
      <Filter>UnitTests\ImportExport</Filter>
    </ClCompile>
    <ClCompile Include="C:\Users\gupue\source\repos\spider-engine\dependencies\assimp-6.0.2\test\unit\utBlenderImportExport.cpp">
      <Filter>UnitTests\ImportExport</Filter>
    </ClCompile>
    <ClCompile Include="C:\Users\gupue\source\repos\spider-engine\dependencies\assimp-6.0.2\test\unit\utBlendImportMaterials.cpp">
      <Filter>UnitTests\ImportExport</Filter>
    </ClCompile>
    <ClCompile Include="C:\Users\gupue\source\repos\spider-engine\dependencies\assimp-6.0.2\test\unit\utBlenderWork.cpp">
      <Filter>UnitTests\ImportExport</Filter>
    </ClCompile>
    <ClCompile Include="C:\Users\gupue\source\repos\spider-engine\dependencies\assimp-6.0.2\test\unit\utBVHImportExport.cpp">
      <Filter>UnitTests\ImportExport</Filter>
    </ClCompile>
    <ClCompile Include="C:\Users\gupue\source\repos\spider-engine\dependencies\assimp-6.0.2\test\unit\utColladaExport.cpp">
      <Filter>UnitTests\ImportExport</Filter>
    </ClCompile>
    <ClCompile Include="C:\Users\gupue\source\repos\spider-engine\dependencies\assimp-6.0.2\test\unit\utColladaImportExport.cpp">
      <Filter>UnitTests\ImportExport</Filter>
    </ClCompile>
    <ClCompile Include="C:\Users\gupue\source\repos\spider-engine\dependencies\assimp-6.0.2\test\unit\utCSMImportExport.cpp">
      <Filter>UnitTests\ImportExport</Filter>
    </ClCompile>
    <ClCompile Include="C:\Users\gupue\source\repos\spider-engine\dependencies\assimp-6.0.2\test\unit\utB3DImportExport.cpp">
      <Filter>UnitTests\ImportExport</Filter>
    </ClCompile>
    <ClCompile Include="C:\Users\gupue\source\repos\spider-engine\dependencies\assimp-6.0.2\test\unit\utMDCImportExport.cpp">
      <Filter>UnitTests\ImportExport</Filter>
    </ClCompile>
    <ClCompile Include="C:\Users\gupue\source\repos\spider-engine\dependencies\assimp-6.0.2\test\unit\utAssbinImportExport.cpp">
      <Filter>UnitTests\ImportExport</Filter>
    </ClCompile>
    <ClCompile Include="C:\Users\gupue\source\repos\spider-engine\dependencies\assimp-6.0.2\test\unit\ImportExport\utAssjsonImportExport.cpp">
      <Filter>UnitTests\ImportExport</Filter>
    </ClCompile>
    <ClCompile Include="C:\Users\gupue\source\repos\spider-engine\dependencies\assimp-6.0.2\test\unit\ImportExport\utCOBImportExport.cpp">
      <Filter>UnitTests\ImportExport</Filter>
    </ClCompile>
    <ClCompile Include="C:\Users\gupue\source\repos\spider-engine\dependencies\assimp-6.0.2\test\unit\ImportExport\utOgreImportExport.cpp">
      <Filter>UnitTests\ImportExport</Filter>
    </ClCompile>
    <ClCompile Include="C:\Users\gupue\source\repos\spider-engine\dependencies\assimp-6.0.2\test\unit\ImportExport\utQ3BSPFileImportExport.cpp">
      <Filter>UnitTests\ImportExport</Filter>
    </ClCompile>
    <ClCompile Include="C:\Users\gupue\source\repos\spider-engine\dependencies\assimp-6.0.2\test\unit\ImportExport\utOFFImportExport.cpp">
      <Filter>UnitTests\ImportExport</Filter>
    </ClCompile>
    <ClCompile Include="C:\Users\gupue\source\repos\spider-engine\dependencies\assimp-6.0.2\test\unit\ImportExport\utNFFImportExport.cpp">
      <Filter>UnitTests\ImportExport</Filter>
    </ClCompile>
    <ClCompile Include="C:\Users\gupue\source\repos\spider-engine\dependencies\assimp-6.0.2\test\unit\ImportExport\utXGLImportExport.cpp">
      <Filter>UnitTests\ImportExport</Filter>
    </ClCompile>
    <ClCompile Include="C:\Users\gupue\source\repos\spider-engine\dependencies\assimp-6.0.2\test\unit\ImportExport\utMD2Importer.cpp">
      <Filter>UnitTests\ImportExport</Filter>
    </ClCompile>
    <ClCompile Include="C:\Users\gupue\source\repos\spider-engine\dependencies\assimp-6.0.2\test\unit\ImportExport\utMD5Importer.cpp">
      <Filter>UnitTests\ImportExport</Filter>
    </ClCompile>
    <ClCompile Include="C:\Users\gupue\source\repos\spider-engine\dependencies\assimp-6.0.2\test\unit\ImportExport\utMDLImporter.cpp">
      <Filter>UnitTests\ImportExport</Filter>
    </ClCompile>
    <ClCompile Include="C:\Users\gupue\source\repos\spider-engine\dependencies\assimp-6.0.2\test\unit\ImportExport\MDL\utMDLImporter_HL1_ImportSettings.cpp">
      <Filter>UnitTests\ImportExport</Filter>
    </ClCompile>
    <ClCompile Include="C:\Users\gupue\source\repos\spider-engine\dependencies\assimp-6.0.2\test\unit\ImportExport\MDL\utMDLImporter_HL1_Materials.cpp">
      <Filter>UnitTests\ImportExport</Filter>
    </ClCompile>
    <ClCompile Include="C:\Users\gupue\source\repos\spider-engine\dependencies\assimp-6.0.2\test\unit\ImportExport\MDL\utMDLImporter_HL1_Nodes.cpp">
      <Filter>UnitTests\ImportExport</Filter>
    </ClCompile>
    <ClCompile Include="C:\Users\gupue\source\repos\spider-engine\dependencies\assimp-6.0.2\test\unit\ImportExport\RAW\utRAWImportExport.cpp">
      <Filter>UnitTests\ImportExport</Filter>
    </ClCompile>
    <ClCompile Include="C:\Users\gupue\source\repos\spider-engine\dependencies\assimp-6.0.2\test\unit\ImportExport\Terragen\utTerragenImportExport.cpp">
      <Filter>UnitTests\ImportExport</Filter>
    </ClCompile>
    <ClCompile Include="C:\Users\gupue\source\repos\spider-engine\dependencies\assimp-6.0.2\test\unit\ImportExport\Pbrt\utPbrtImportExport.cpp">
      <Filter>UnitTests\ImportExport</Filter>
    </ClCompile>
    <ClCompile Include="C:\Users\gupue\source\repos\spider-engine\dependencies\assimp-6.0.2\test\unit\utMaterialSystem.cpp">
      <Filter>UnitTests\Material</Filter>
    </ClCompile>
    <ClCompile Include="C:\Users\gupue\source\repos\spider-engine\dependencies\assimp-6.0.2\test\unit\utMatrix3x3.cpp">
      <Filter>UnitTests\Math</Filter>
    </ClCompile>
    <ClCompile Include="C:\Users\gupue\source\repos\spider-engine\dependencies\assimp-6.0.2\test\unit\utMatrix4x4.cpp">
      <Filter>UnitTests\Math</Filter>
    </ClCompile>
    <ClCompile Include="C:\Users\gupue\source\repos\spider-engine\dependencies\assimp-6.0.2\test\unit\utVector3.cpp">
      <Filter>UnitTests\Math</Filter>
    </ClCompile>
    <ClCompile Include="C:\Users\gupue\source\repos\spider-engine\dependencies\assimp-6.0.2\test\unit\utImproveCacheLocality.cpp">
      <Filter>UnitTests\PostProcess</Filter>
    </ClCompile>
    <ClCompile Include="C:\Users\gupue\source\repos\spider-engine\dependencies\assimp-6.0.2\test\unit\utFixInfacingNormals.cpp">
      <Filter>UnitTests\PostProcess</Filter>
    </ClCompile>
    <ClCompile Include="C:\Users\gupue\source\repos\spider-engine\dependencies\assimp-6.0.2\test\unit\utGenNormals.cpp">
      <Filter>UnitTests\PostProcess</Filter>
    </ClCompile>
    <ClCompile Include="C:\Users\gupue\source\repos\spider-engine\dependencies\assimp-6.0.2\test\unit\utTriangulate.cpp">
      <Filter>UnitTests\PostProcess</Filter>
    </ClCompile>
    <ClCompile Include="C:\Users\gupue\source\repos\spider-engine\dependencies\assimp-6.0.2\test\unit\utTextureTransform.cpp">
      <Filter>UnitTests\PostProcess</Filter>
    </ClCompile>
    <ClCompile Include="C:\Users\gupue\source\repos\spider-engine\dependencies\assimp-6.0.2\test\unit\utRemoveRedundantMaterials.cpp">
      <Filter>UnitTests\PostProcess</Filter>
    </ClCompile>
    <ClCompile Include="C:\Users\gupue\source\repos\spider-engine\dependencies\assimp-6.0.2\test\unit\utRemoveVCProcess.cpp">
      <Filter>UnitTests\PostProcess</Filter>
    </ClCompile>
    <ClCompile Include="C:\Users\gupue\source\repos\spider-engine\dependencies\assimp-6.0.2\test\unit\utScaleProcess.cpp">
      <Filter>UnitTests\PostProcess</Filter>
    </ClCompile>
    <ClCompile Include="C:\Users\gupue\source\repos\spider-engine\dependencies\assimp-6.0.2\test\unit\utArmaturePopulate.cpp">
      <Filter>UnitTests\PostProcess</Filter>
    </ClCompile>
    <ClCompile Include="C:\Users\gupue\source\repos\spider-engine\dependencies\assimp-6.0.2\test\unit\utJoinVertices.cpp">
      <Filter>UnitTests\PostProcess</Filter>
    </ClCompile>
    <ClCompile Include="C:\Users\gupue\source\repos\spider-engine\dependencies\assimp-6.0.2\test\unit\utRemoveComments.cpp">
      <Filter>UnitTests\PostProcess</Filter>
    </ClCompile>
    <ClCompile Include="C:\Users\gupue\source\repos\spider-engine\dependencies\assimp-6.0.2\test\unit\utRemoveComponent.cpp">
      <Filter>UnitTests\PostProcess</Filter>
    </ClCompile>
    <ClCompile Include="C:\Users\gupue\source\repos\spider-engine\dependencies\assimp-6.0.2\test\unit\utVertexTriangleAdjacency.cpp">
      <Filter>UnitTests\PostProcess</Filter>
    </ClCompile>
    <ClCompile Include="C:\Users\gupue\source\repos\spider-engine\dependencies\assimp-6.0.2\test\unit\utSplitLargeMeshes.cpp">
      <Filter>UnitTests\PostProcess</Filter>
    </ClCompile>
    <ClCompile Include="C:\Users\gupue\source\repos\spider-engine\dependencies\assimp-6.0.2\test\unit\utFindDegenerates.cpp">
      <Filter>UnitTests\PostProcess</Filter>
    </ClCompile>
    <ClCompile Include="C:\Users\gupue\source\repos\spider-engine\dependencies\assimp-6.0.2\test\unit\utFindInvalidData.cpp">
      <Filter>UnitTests\PostProcess</Filter>
    </ClCompile>
    <ClCompile Include="C:\Users\gupue\source\repos\spider-engine\dependencies\assimp-6.0.2\test\unit\utLimitBoneWeights.cpp">
      <Filter>UnitTests\PostProcess</Filter>
    </ClCompile>
    <ClCompile Include="C:\Users\gupue\source\repos\spider-engine\dependencies\assimp-6.0.2\test\unit\utPretransformVertices.cpp">
      <Filter>UnitTests\PostProcess</Filter>
    </ClCompile>
    <ClCompile Include="C:\Users\gupue\source\repos\spider-engine\dependencies\assimp-6.0.2\test\unit\utScenePreprocessor.cpp">
      <Filter>UnitTests\PostProcess</Filter>
    </ClCompile>
    <ClCompile Include="C:\Users\gupue\source\repos\spider-engine\dependencies\assimp-6.0.2\test\unit\utTargetAnimation.cpp">
      <Filter>UnitTests\PostProcess</Filter>
    </ClCompile>
    <ClCompile Include="C:\Users\gupue\source\repos\spider-engine\dependencies\assimp-6.0.2\test\unit\utSortByPType.cpp">
      <Filter>UnitTests\PostProcess</Filter>
    </ClCompile>
    <ClCompile Include="C:\Users\gupue\source\repos\spider-engine\dependencies\assimp-6.0.2\test\unit\utSceneCombiner.cpp">
      <Filter>UnitTests\PostProcess</Filter>
    </ClCompile>
    <ClCompile Include="C:\Users\gupue\source\repos\spider-engine\dependencies\assimp-6.0.2\test\unit\utGenBoundingBoxesProcess.cpp">
      <Filter>UnitTests\PostProcess</Filter>
    </ClCompile>
    <ClCompile Include="C:\Users\gupue\source\repos\spider-engine\dependencies\assimp-6.0.2\contrib\googletest\googletest\src\gtest-all.cc">
      <Filter>Source Files</Filter>
    </ClCompile>
  </ItemGroup>
  <ItemGroup>
    <ClInclude Include="C:\Users\gupue\source\repos\spider-engine\dependencies\assimp-6.0.2\test\unit\MathTest.h">
      <Filter>UnitTests\Common</Filter>
    </ClInclude>
    <ClInclude Include="C:\Users\gupue\source\repos\spider-engine\dependencies\assimp-6.0.2\test\unit\RandomNumberGeneration.h">
      <Filter>UnitTests\Common</Filter>
    </ClInclude>
    <ClInclude Include="C:\Users\gupue\source\repos\spider-engine\dependencies\assimp-6.0.2\test\unit\SceneDiffer.h">
      <Filter>UnitTests\Common</Filter>
    </ClInclude>
    <ClInclude Include="C:\Users\gupue\source\repos\spider-engine\dependencies\assimp-6.0.2\test\unit\UTLogStream.h">
      <Filter>UnitTests\Common</Filter>
    </ClInclude>
    <ClInclude Include="C:\Users\gupue\source\repos\spider-engine\dependencies\assimp-6.0.2\test\unit\TestIOSystem.h">
      <Filter>UnitTests\Common</Filter>
    </ClInclude>
    <ClInclude Include="C:\Users\gupue\source\repos\spider-engine\dependencies\assimp-6.0.2\test\unit\TestModelFactory.h">
      <Filter>UnitTests\Common</Filter>
    </ClInclude>
    <ClInclude Include="C:\Users\gupue\source\repos\spider-engine\dependencies\assimp-6.0.2\test\unit\ImportExport\MDL\MDLHL1TestFiles.h">
      <Filter>UnitTests\ImportExport</Filter>
    </ClInclude>
  </ItemGroup>
  <ItemGroup>
    <CustomBuild Include="C:\Users\gupue\source\repos\spider-engine\dependencies\assimp-6.0.2\test\CMakeLists.txt" />
  </ItemGroup>
  <ItemGroup>
    <Filter Include="Source Files">
      <UniqueIdentifier>{13E4DC23-6C6E-3596-8D05-9DFCF195164B}</UniqueIdentifier>
    </Filter>
    <Filter Include="UnitTests">
      <UniqueIdentifier>{F9650AF0-5665-3E49-84DF-A5190BF77B7A}</UniqueIdentifier>
    </Filter>
    <Filter Include="UnitTests\Common">
      <UniqueIdentifier>{329F2892-C574-3DCA-A5EA-96D945C710FF}</UniqueIdentifier>
    </Filter>
    <Filter Include="UnitTests\Compiler">
      <UniqueIdentifier>{8C13D883-FC2E-3372-8E11-785922463B73}</UniqueIdentifier>
    </Filter>
    <Filter Include="UnitTests\GeometryTools">
      <UniqueIdentifier>{9E169F0D-A5B1-30E6-A1DE-7DD199CE70DE}</UniqueIdentifier>
    </Filter>
    <Filter Include="UnitTests\ImportExport">
      <UniqueIdentifier>{3893A185-6091-383A-8641-92082A038830}</UniqueIdentifier>
    </Filter>
    <Filter Include="UnitTests\Material">
      <UniqueIdentifier>{91639087-14E9-30B6-9448-5F1F7D7DFC09}</UniqueIdentifier>
    </Filter>
    <Filter Include="UnitTests\Math">
      <UniqueIdentifier>{B4763B54-EA1E-3410-9E08-5222B4D36222}</UniqueIdentifier>
    </Filter>
    <Filter Include="UnitTests\PostProcess">
      <UniqueIdentifier>{9D2282A5-3523-3818-BA34-B1CFA9E150C9}</UniqueIdentifier>
    </Filter>
  </ItemGroup>
</Project>
