
Microsoft Visual Studio Solution File, Format Version 12.00
# Visual Studio Version 17
Project("{8BC9CEB8-8B4A-11D0-8D11-00A0C91BC942}") = "ALL_BUILD", "ALL_BUILD.vcxproj", "{D815ECA2-77B6-3D02-86B4-A664A2534DBD}"
	ProjectSection(ProjectDependencies) = postProject
		{99A7B64E-C6B3-31D2-A6D6-2091E0D61782} = {99A7B64E-C6B3-31D2-A6D6-2091E0D61782}
		{8D01C7A0-3261-36B7-B0BD-67A3A4D0247F} = {8D01C7A0-3261-36B7-B0BD-67A3A4D0247F}
		{87E9549C-A9FB-3972-887A-A5DCDC746905} = {87E9549C-A9FB-3972-887A-A5DCDC746905}
		{E5FC4E58-B271-3422-881A-BCC26487BDF6} = {E5FC4E58-B271-3422-881A-BCC26487BDF6}
	EndProjectSection
EndProject
Project("{8BC9CEB8-8B4A-11D0-8D11-00A0C91BC942}") = "INSTALL", "INSTALL.vcxproj", "{88E34747-A6D2-3FC3-B91C-70EDA4610995}"
	ProjectSection(ProjectDependencies) = postProject
		{D815ECA2-77B6-3D02-86B4-A664A2534DBD} = {D815ECA2-77B6-3D02-86B4-A664A2534DBD}
		{99A7B64E-C6B3-31D2-A6D6-2091E0D61782} = {99A7B64E-C6B3-31D2-A6D6-2091E0D61782}
	EndProjectSection
EndProject
Project("{8BC9CEB8-8B4A-11D0-8D11-00A0C91BC942}") = "UpdateAssimpLibsDebugSymbolsAndDLLs", "UpdateAssimpLibsDebugSymbolsAndDLLs.vcxproj", "{ACF259B3-3F11-3C58-BDA6-573710930AB3}"
	ProjectSection(ProjectDependencies) = postProject
		{99A7B64E-C6B3-31D2-A6D6-2091E0D61782} = {99A7B64E-C6B3-31D2-A6D6-2091E0D61782}
	EndProjectSection
EndProject
Project("{8BC9CEB8-8B4A-11D0-8D11-00A0C91BC942}") = "ZERO_CHECK", "ZERO_CHECK.vcxproj", "{99A7B64E-C6B3-31D2-A6D6-2091E0D61782}"
	ProjectSection(ProjectDependencies) = postProject
	EndProjectSection
EndProject
Project("{8BC9CEB8-8B4A-11D0-8D11-00A0C91BC942}") = "assimp", "code\assimp.vcxproj", "{8D01C7A0-3261-36B7-B0BD-67A3A4D0247F}"
	ProjectSection(ProjectDependencies) = postProject
		{99A7B64E-C6B3-31D2-A6D6-2091E0D61782} = {99A7B64E-C6B3-31D2-A6D6-2091E0D61782}
		{E5FC4E58-B271-3422-881A-BCC26487BDF6} = {E5FC4E58-B271-3422-881A-BCC26487BDF6}
	EndProjectSection
EndProject
Project("{8BC9CEB8-8B4A-11D0-8D11-00A0C91BC942}") = "uninstall", "uninstall.vcxproj", "{9679357E-DB8D-38DE-924C-86C11FE2D017}"
	ProjectSection(ProjectDependencies) = postProject
		{99A7B64E-C6B3-31D2-A6D6-2091E0D61782} = {99A7B64E-C6B3-31D2-A6D6-2091E0D61782}
	EndProjectSection
EndProject
Project("{8BC9CEB8-8B4A-11D0-8D11-00A0C91BC942}") = "unit", "test\unit.vcxproj", "{87E9549C-A9FB-3972-887A-A5DCDC746905}"
	ProjectSection(ProjectDependencies) = postProject
		{99A7B64E-C6B3-31D2-A6D6-2091E0D61782} = {99A7B64E-C6B3-31D2-A6D6-2091E0D61782}
		{8D01C7A0-3261-36B7-B0BD-67A3A4D0247F} = {8D01C7A0-3261-36B7-B0BD-67A3A4D0247F}
		{E5FC4E58-B271-3422-881A-BCC26487BDF6} = {E5FC4E58-B271-3422-881A-BCC26487BDF6}
	EndProjectSection
EndProject
Project("{8BC9CEB8-8B4A-11D0-8D11-00A0C91BC942}") = "zlibstatic", "contrib\zlib\zlibstatic.vcxproj", "{E5FC4E58-B271-3422-881A-BCC26487BDF6}"
	ProjectSection(ProjectDependencies) = postProject
		{99A7B64E-C6B3-31D2-A6D6-2091E0D61782} = {99A7B64E-C6B3-31D2-A6D6-2091E0D61782}
	EndProjectSection
EndProject
Global
	GlobalSection(SolutionConfigurationPlatforms) = preSolution
		Debug|x64 = Debug|x64
		Release|x64 = Release|x64
		MinSizeRel|x64 = MinSizeRel|x64
		RelWithDebInfo|x64 = RelWithDebInfo|x64
	EndGlobalSection
	GlobalSection(ProjectConfigurationPlatforms) = postSolution
		{D815ECA2-77B6-3D02-86B4-A664A2534DBD}.Debug|x64.ActiveCfg = Debug|x64
		{D815ECA2-77B6-3D02-86B4-A664A2534DBD}.Debug|x64.Build.0 = Debug|x64
		{D815ECA2-77B6-3D02-86B4-A664A2534DBD}.Release|x64.ActiveCfg = Release|x64
		{D815ECA2-77B6-3D02-86B4-A664A2534DBD}.Release|x64.Build.0 = Release|x64
		{D815ECA2-77B6-3D02-86B4-A664A2534DBD}.MinSizeRel|x64.ActiveCfg = MinSizeRel|x64
		{D815ECA2-77B6-3D02-86B4-A664A2534DBD}.MinSizeRel|x64.Build.0 = MinSizeRel|x64
		{D815ECA2-77B6-3D02-86B4-A664A2534DBD}.RelWithDebInfo|x64.ActiveCfg = RelWithDebInfo|x64
		{D815ECA2-77B6-3D02-86B4-A664A2534DBD}.RelWithDebInfo|x64.Build.0 = RelWithDebInfo|x64
		{88E34747-A6D2-3FC3-B91C-70EDA4610995}.Debug|x64.ActiveCfg = Debug|x64
		{88E34747-A6D2-3FC3-B91C-70EDA4610995}.Release|x64.ActiveCfg = Release|x64
		{88E34747-A6D2-3FC3-B91C-70EDA4610995}.MinSizeRel|x64.ActiveCfg = MinSizeRel|x64
		{88E34747-A6D2-3FC3-B91C-70EDA4610995}.RelWithDebInfo|x64.ActiveCfg = RelWithDebInfo|x64
		{ACF259B3-3F11-3C58-BDA6-573710930AB3}.Debug|x64.ActiveCfg = Debug|x64
		{ACF259B3-3F11-3C58-BDA6-573710930AB3}.Release|x64.ActiveCfg = Release|x64
		{ACF259B3-3F11-3C58-BDA6-573710930AB3}.MinSizeRel|x64.ActiveCfg = MinSizeRel|x64
		{ACF259B3-3F11-3C58-BDA6-573710930AB3}.RelWithDebInfo|x64.ActiveCfg = RelWithDebInfo|x64
		{99A7B64E-C6B3-31D2-A6D6-2091E0D61782}.Debug|x64.ActiveCfg = Debug|x64
		{99A7B64E-C6B3-31D2-A6D6-2091E0D61782}.Debug|x64.Build.0 = Debug|x64
		{99A7B64E-C6B3-31D2-A6D6-2091E0D61782}.Release|x64.ActiveCfg = Release|x64
		{99A7B64E-C6B3-31D2-A6D6-2091E0D61782}.Release|x64.Build.0 = Release|x64
		{99A7B64E-C6B3-31D2-A6D6-2091E0D61782}.MinSizeRel|x64.ActiveCfg = MinSizeRel|x64
		{99A7B64E-C6B3-31D2-A6D6-2091E0D61782}.MinSizeRel|x64.Build.0 = MinSizeRel|x64
		{99A7B64E-C6B3-31D2-A6D6-2091E0D61782}.RelWithDebInfo|x64.ActiveCfg = RelWithDebInfo|x64
		{99A7B64E-C6B3-31D2-A6D6-2091E0D61782}.RelWithDebInfo|x64.Build.0 = RelWithDebInfo|x64
		{8D01C7A0-3261-36B7-B0BD-67A3A4D0247F}.Debug|x64.ActiveCfg = Debug|x64
		{8D01C7A0-3261-36B7-B0BD-67A3A4D0247F}.Debug|x64.Build.0 = Debug|x64
		{8D01C7A0-3261-36B7-B0BD-67A3A4D0247F}.Release|x64.ActiveCfg = Release|x64
		{8D01C7A0-3261-36B7-B0BD-67A3A4D0247F}.Release|x64.Build.0 = Release|x64
		{8D01C7A0-3261-36B7-B0BD-67A3A4D0247F}.MinSizeRel|x64.ActiveCfg = MinSizeRel|x64
		{8D01C7A0-3261-36B7-B0BD-67A3A4D0247F}.MinSizeRel|x64.Build.0 = MinSizeRel|x64
		{8D01C7A0-3261-36B7-B0BD-67A3A4D0247F}.RelWithDebInfo|x64.ActiveCfg = RelWithDebInfo|x64
		{8D01C7A0-3261-36B7-B0BD-67A3A4D0247F}.RelWithDebInfo|x64.Build.0 = RelWithDebInfo|x64
		{9679357E-DB8D-38DE-924C-86C11FE2D017}.Debug|x64.ActiveCfg = Debug|x64
		{9679357E-DB8D-38DE-924C-86C11FE2D017}.Release|x64.ActiveCfg = Release|x64
		{9679357E-DB8D-38DE-924C-86C11FE2D017}.MinSizeRel|x64.ActiveCfg = MinSizeRel|x64
		{9679357E-DB8D-38DE-924C-86C11FE2D017}.RelWithDebInfo|x64.ActiveCfg = RelWithDebInfo|x64
		{87E9549C-A9FB-3972-887A-A5DCDC746905}.Debug|x64.ActiveCfg = Debug|x64
		{87E9549C-A9FB-3972-887A-A5DCDC746905}.Debug|x64.Build.0 = Debug|x64
		{87E9549C-A9FB-3972-887A-A5DCDC746905}.Release|x64.ActiveCfg = Release|x64
		{87E9549C-A9FB-3972-887A-A5DCDC746905}.Release|x64.Build.0 = Release|x64
		{87E9549C-A9FB-3972-887A-A5DCDC746905}.MinSizeRel|x64.ActiveCfg = MinSizeRel|x64
		{87E9549C-A9FB-3972-887A-A5DCDC746905}.MinSizeRel|x64.Build.0 = MinSizeRel|x64
		{87E9549C-A9FB-3972-887A-A5DCDC746905}.RelWithDebInfo|x64.ActiveCfg = RelWithDebInfo|x64
		{87E9549C-A9FB-3972-887A-A5DCDC746905}.RelWithDebInfo|x64.Build.0 = RelWithDebInfo|x64
		{E5FC4E58-B271-3422-881A-BCC26487BDF6}.Debug|x64.ActiveCfg = Debug|x64
		{E5FC4E58-B271-3422-881A-BCC26487BDF6}.Debug|x64.Build.0 = Debug|x64
		{E5FC4E58-B271-3422-881A-BCC26487BDF6}.Release|x64.ActiveCfg = Release|x64
		{E5FC4E58-B271-3422-881A-BCC26487BDF6}.Release|x64.Build.0 = Release|x64
		{E5FC4E58-B271-3422-881A-BCC26487BDF6}.MinSizeRel|x64.ActiveCfg = MinSizeRel|x64
		{E5FC4E58-B271-3422-881A-BCC26487BDF6}.MinSizeRel|x64.Build.0 = MinSizeRel|x64
		{E5FC4E58-B271-3422-881A-BCC26487BDF6}.RelWithDebInfo|x64.ActiveCfg = RelWithDebInfo|x64
		{E5FC4E58-B271-3422-881A-BCC26487BDF6}.RelWithDebInfo|x64.Build.0 = RelWithDebInfo|x64
	EndGlobalSection
	GlobalSection(ExtensibilityGlobals) = postSolution
		SolutionGuid = {A09D0B1A-BCDA-35BD-88C5-E86DE10025AB}
	EndGlobalSection
	GlobalSection(ExtensibilityAddIns) = postSolution
	EndGlobalSection
EndGlobal
