
Microsoft Visual Studio Solution File, Format Version 12.00
# Visual Studio Version 17
Project("{8BC9CEB8-8B4A-11D0-8D11-00A0C91BC942}") = "ALL_BUILD", "ALL_BUILD.vcxproj", "{864C96A8-1F2D-324D-8E13-17AC25677BC7}"
	ProjectSection(ProjectDependencies) = postProject
		{E04BF173-0970-3487-BFEF-9296C2AD9883} = {E04BF173-0970-3487-BFEF-9296C2AD9883}
		{DD0CF33D-2909-383E-957F-FEDC920C1E75} = {DD0CF33D-2909-383E-957F-FEDC920C1E75}
		{5F285232-6499-3957-A058-61494D037EA5} = {5F285232-6499-3957-A058-61494D037EA5}
		{6EE5A6CE-B6FE-3BD8-AE2A-8C2DFD7352CE} = {6EE5A6CE-B6FE-3BD8-AE2A-8C2DFD7352CE}
	EndProjectSection
EndProject
Project("{8BC9CEB8-8B4A-11D0-8D11-00A0C91BC942}") = "INSTALL", "INSTALL.vcxproj", "{FC8370DA-6200-389C-85E0-CF6E74358488}"
	ProjectSection(ProjectDependencies) = postProject
		{864C96A8-1F2D-324D-8E13-17AC25677BC7} = {864C96A8-1F2D-324D-8E13-17AC25677BC7}
		{E04BF173-0970-3487-BFEF-9296C2AD9883} = {E04BF173-0970-3487-BFEF-9296C2AD9883}
	EndProjectSection
EndProject
Project("{8BC9CEB8-8B4A-11D0-8D11-00A0C91BC942}") = "UpdateAssimpLibsDebugSymbolsAndDLLs", "UpdateAssimpLibsDebugSymbolsAndDLLs.vcxproj", "{B8A271A7-4EB8-388D-BB18-7C5716A8813A}"
	ProjectSection(ProjectDependencies) = postProject
		{E04BF173-0970-3487-BFEF-9296C2AD9883} = {E04BF173-0970-3487-BFEF-9296C2AD9883}
	EndProjectSection
EndProject
Project("{8BC9CEB8-8B4A-11D0-8D11-00A0C91BC942}") = "ZERO_CHECK", "ZERO_CHECK.vcxproj", "{E04BF173-0970-3487-BFEF-9296C2AD9883}"
	ProjectSection(ProjectDependencies) = postProject
	EndProjectSection
EndProject
Project("{8BC9CEB8-8B4A-11D0-8D11-00A0C91BC942}") = "assimp", "code\assimp.vcxproj", "{DD0CF33D-2909-383E-957F-FEDC920C1E75}"
	ProjectSection(ProjectDependencies) = postProject
		{E04BF173-0970-3487-BFEF-9296C2AD9883} = {E04BF173-0970-3487-BFEF-9296C2AD9883}
		{6EE5A6CE-B6FE-3BD8-AE2A-8C2DFD7352CE} = {6EE5A6CE-B6FE-3BD8-AE2A-8C2DFD7352CE}
	EndProjectSection
EndProject
Project("{8BC9CEB8-8B4A-11D0-8D11-00A0C91BC942}") = "uninstall", "uninstall.vcxproj", "{B136BFD1-774E-350C-A40D-30AEBD99BBC5}"
	ProjectSection(ProjectDependencies) = postProject
		{E04BF173-0970-3487-BFEF-9296C2AD9883} = {E04BF173-0970-3487-BFEF-9296C2AD9883}
	EndProjectSection
EndProject
Project("{8BC9CEB8-8B4A-11D0-8D11-00A0C91BC942}") = "unit", "test\unit.vcxproj", "{5F285232-6499-3957-A058-61494D037EA5}"
	ProjectSection(ProjectDependencies) = postProject
		{E04BF173-0970-3487-BFEF-9296C2AD9883} = {E04BF173-0970-3487-BFEF-9296C2AD9883}
		{DD0CF33D-2909-383E-957F-FEDC920C1E75} = {DD0CF33D-2909-383E-957F-FEDC920C1E75}
		{6EE5A6CE-B6FE-3BD8-AE2A-8C2DFD7352CE} = {6EE5A6CE-B6FE-3BD8-AE2A-8C2DFD7352CE}
	EndProjectSection
EndProject
Project("{8BC9CEB8-8B4A-11D0-8D11-00A0C91BC942}") = "zlibstatic", "contrib\zlib\zlibstatic.vcxproj", "{6EE5A6CE-B6FE-3BD8-AE2A-8C2DFD7352CE}"
	ProjectSection(ProjectDependencies) = postProject
		{E04BF173-0970-3487-BFEF-9296C2AD9883} = {E04BF173-0970-3487-BFEF-9296C2AD9883}
	EndProjectSection
EndProject
Global
	GlobalSection(SolutionConfigurationPlatforms) = preSolution
		Debug|Win32 = Debug|Win32
		Release|Win32 = Release|Win32
		MinSizeRel|Win32 = MinSizeRel|Win32
		RelWithDebInfo|Win32 = RelWithDebInfo|Win32
	EndGlobalSection
	GlobalSection(ProjectConfigurationPlatforms) = postSolution
		{864C96A8-1F2D-324D-8E13-17AC25677BC7}.Debug|Win32.ActiveCfg = Debug|Win32
		{864C96A8-1F2D-324D-8E13-17AC25677BC7}.Debug|Win32.Build.0 = Debug|Win32
		{864C96A8-1F2D-324D-8E13-17AC25677BC7}.Release|Win32.ActiveCfg = Release|Win32
		{864C96A8-1F2D-324D-8E13-17AC25677BC7}.Release|Win32.Build.0 = Release|Win32
		{864C96A8-1F2D-324D-8E13-17AC25677BC7}.MinSizeRel|Win32.ActiveCfg = MinSizeRel|Win32
		{864C96A8-1F2D-324D-8E13-17AC25677BC7}.MinSizeRel|Win32.Build.0 = MinSizeRel|Win32
		{864C96A8-1F2D-324D-8E13-17AC25677BC7}.RelWithDebInfo|Win32.ActiveCfg = RelWithDebInfo|Win32
		{864C96A8-1F2D-324D-8E13-17AC25677BC7}.RelWithDebInfo|Win32.Build.0 = RelWithDebInfo|Win32
		{FC8370DA-6200-389C-85E0-CF6E74358488}.Debug|Win32.ActiveCfg = Debug|Win32
		{FC8370DA-6200-389C-85E0-CF6E74358488}.Release|Win32.ActiveCfg = Release|Win32
		{FC8370DA-6200-389C-85E0-CF6E74358488}.MinSizeRel|Win32.ActiveCfg = MinSizeRel|Win32
		{FC8370DA-6200-389C-85E0-CF6E74358488}.RelWithDebInfo|Win32.ActiveCfg = RelWithDebInfo|Win32
		{B8A271A7-4EB8-388D-BB18-7C5716A8813A}.Debug|Win32.ActiveCfg = Debug|Win32
		{B8A271A7-4EB8-388D-BB18-7C5716A8813A}.Release|Win32.ActiveCfg = Release|Win32
		{B8A271A7-4EB8-388D-BB18-7C5716A8813A}.MinSizeRel|Win32.ActiveCfg = MinSizeRel|Win32
		{B8A271A7-4EB8-388D-BB18-7C5716A8813A}.RelWithDebInfo|Win32.ActiveCfg = RelWithDebInfo|Win32
		{E04BF173-0970-3487-BFEF-9296C2AD9883}.Debug|Win32.ActiveCfg = Debug|Win32
		{E04BF173-0970-3487-BFEF-9296C2AD9883}.Debug|Win32.Build.0 = Debug|Win32
		{E04BF173-0970-3487-BFEF-9296C2AD9883}.Release|Win32.ActiveCfg = Release|Win32
		{E04BF173-0970-3487-BFEF-9296C2AD9883}.Release|Win32.Build.0 = Release|Win32
		{E04BF173-0970-3487-BFEF-9296C2AD9883}.MinSizeRel|Win32.ActiveCfg = MinSizeRel|Win32
		{E04BF173-0970-3487-BFEF-9296C2AD9883}.MinSizeRel|Win32.Build.0 = MinSizeRel|Win32
		{E04BF173-0970-3487-BFEF-9296C2AD9883}.RelWithDebInfo|Win32.ActiveCfg = RelWithDebInfo|Win32
		{E04BF173-0970-3487-BFEF-9296C2AD9883}.RelWithDebInfo|Win32.Build.0 = RelWithDebInfo|Win32
		{DD0CF33D-2909-383E-957F-FEDC920C1E75}.Debug|Win32.ActiveCfg = Debug|Win32
		{DD0CF33D-2909-383E-957F-FEDC920C1E75}.Debug|Win32.Build.0 = Debug|Win32
		{DD0CF33D-2909-383E-957F-FEDC920C1E75}.Release|Win32.ActiveCfg = Release|Win32
		{DD0CF33D-2909-383E-957F-FEDC920C1E75}.Release|Win32.Build.0 = Release|Win32
		{DD0CF33D-2909-383E-957F-FEDC920C1E75}.MinSizeRel|Win32.ActiveCfg = MinSizeRel|Win32
		{DD0CF33D-2909-383E-957F-FEDC920C1E75}.MinSizeRel|Win32.Build.0 = MinSizeRel|Win32
		{DD0CF33D-2909-383E-957F-FEDC920C1E75}.RelWithDebInfo|Win32.ActiveCfg = RelWithDebInfo|Win32
		{DD0CF33D-2909-383E-957F-FEDC920C1E75}.RelWithDebInfo|Win32.Build.0 = RelWithDebInfo|Win32
		{B136BFD1-774E-350C-A40D-30AEBD99BBC5}.Debug|Win32.ActiveCfg = Debug|Win32
		{B136BFD1-774E-350C-A40D-30AEBD99BBC5}.Release|Win32.ActiveCfg = Release|Win32
		{B136BFD1-774E-350C-A40D-30AEBD99BBC5}.MinSizeRel|Win32.ActiveCfg = MinSizeRel|Win32
		{B136BFD1-774E-350C-A40D-30AEBD99BBC5}.RelWithDebInfo|Win32.ActiveCfg = RelWithDebInfo|Win32
		{5F285232-6499-3957-A058-61494D037EA5}.Debug|Win32.ActiveCfg = Debug|Win32
		{5F285232-6499-3957-A058-61494D037EA5}.Debug|Win32.Build.0 = Debug|Win32
		{5F285232-6499-3957-A058-61494D037EA5}.Release|Win32.ActiveCfg = Release|Win32
		{5F285232-6499-3957-A058-61494D037EA5}.Release|Win32.Build.0 = Release|Win32
		{5F285232-6499-3957-A058-61494D037EA5}.MinSizeRel|Win32.ActiveCfg = MinSizeRel|Win32
		{5F285232-6499-3957-A058-61494D037EA5}.MinSizeRel|Win32.Build.0 = MinSizeRel|Win32
		{5F285232-6499-3957-A058-61494D037EA5}.RelWithDebInfo|Win32.ActiveCfg = RelWithDebInfo|Win32
		{5F285232-6499-3957-A058-61494D037EA5}.RelWithDebInfo|Win32.Build.0 = RelWithDebInfo|Win32
		{6EE5A6CE-B6FE-3BD8-AE2A-8C2DFD7352CE}.Debug|Win32.ActiveCfg = Debug|Win32
		{6EE5A6CE-B6FE-3BD8-AE2A-8C2DFD7352CE}.Debug|Win32.Build.0 = Debug|Win32
		{6EE5A6CE-B6FE-3BD8-AE2A-8C2DFD7352CE}.Release|Win32.ActiveCfg = Release|Win32
		{6EE5A6CE-B6FE-3BD8-AE2A-8C2DFD7352CE}.Release|Win32.Build.0 = Release|Win32
		{6EE5A6CE-B6FE-3BD8-AE2A-8C2DFD7352CE}.MinSizeRel|Win32.ActiveCfg = MinSizeRel|Win32
		{6EE5A6CE-B6FE-3BD8-AE2A-8C2DFD7352CE}.MinSizeRel|Win32.Build.0 = MinSizeRel|Win32
		{6EE5A6CE-B6FE-3BD8-AE2A-8C2DFD7352CE}.RelWithDebInfo|Win32.ActiveCfg = RelWithDebInfo|Win32
		{6EE5A6CE-B6FE-3BD8-AE2A-8C2DFD7352CE}.RelWithDebInfo|Win32.Build.0 = RelWithDebInfo|Win32
	EndGlobalSection
	GlobalSection(ExtensibilityGlobals) = postSolution
		SolutionGuid = {4CE5D611-ED00-3FD7-882A-73A4FAE22C58}
	EndGlobalSection
	GlobalSection(ExtensibilityAddIns) = postSolution
	EndGlobalSection
EndGlobal
