<?xml version="1.0" encoding="utf-8"?>
<Project ToolsVersion="17.0" xmlns="http://schemas.microsoft.com/developer/msbuild/2003">
  <ItemGroup>
    <CustomBuild Include="C:\Users\gupue\source\repos\spider engine\spider engine\dependencies\assimp-6.0.2\build_x86\CMakeFiles\a91213f897ea6638b6d3c0c09406bef7\uninstall.rule">
      <Filter>CMake Rules</Filter>
    </CustomBuild>
    <CustomBuild Include="C:\Users\gupue\source\repos\spider engine\spider engine\dependencies\assimp-6.0.2\CMakeLists.txt" />
  </ItemGroup>
  <ItemGroup>
    <None Include="C:\Users\gupue\source\repos\spider engine\spider engine\dependencies\assimp-6.0.2\build_x86\CMakeFiles\uninstall" />
  </ItemGroup>
  <ItemGroup>
    <Filter Include="CMake Rules">
      <UniqueIdentifier>{B830F83F-4897-36AB-81A9-E28294057C28}</UniqueIdentifier>
    </Filter>
  </ItemGroup>
</Project>
