
Microsoft Visual Studio Solution File, Format Version 12.00
# Visual Studio Version 17
Project("{8BC9CEB8-8B4A-11D0-8D11-00A0C91BC942}") = "ALL_BUILD", "ALL_BUILD.vcxproj", "{4068873B-6D39-3006-9657-0C912B7BA907}"
	ProjectSection(ProjectDependencies) = postProject
		{ED592E1A-091A-3B7A-AEFF-14824BFD582F} = {ED592E1A-091A-3B7A-AEFF-14824BFD582F}
		{D0805A8C-F22B-3512-8A21-0FB3AFC046B3} = {D0805A8C-F22B-3512-8A21-0FB3AFC046B3}
	EndProjectSection
EndProject
Project("{8BC9CEB8-8B4A-11D0-8D11-00A0C91BC942}") = "INSTALL", "INSTALL.vcxproj", "{0F18A8E7-0EDD-3091-8408-CBED6DA16841}"
	ProjectSection(ProjectDependencies) = postProject
		{4068873B-6D39-3006-9657-0C912B7BA907} = {4068873B-6D39-3006-9657-0C912B7BA907}
		{ED592E1A-091A-3B7A-AEFF-14824BFD582F} = {ED592E1A-091A-3B7A-AEFF-14824BFD582F}
	EndProjectSection
EndProject
Project("{8BC9CEB8-8B4A-11D0-8D11-00A0C91BC942}") = "ZERO_CHECK", "..\..\\ZERO_CHECK.vcxproj", "{ED592E1A-091A-3B7A-AEFF-14824BFD582F}"
	ProjectSection(ProjectDependencies) = postProject
	EndProjectSection
EndProject
Project("{8BC9CEB8-8B4A-11D0-8D11-00A0C91BC942}") = "zlibstatic", "zlibstatic.vcxproj", "{D0805A8C-F22B-3512-8A21-0FB3AFC046B3}"
	ProjectSection(ProjectDependencies) = postProject
		{ED592E1A-091A-3B7A-AEFF-14824BFD582F} = {ED592E1A-091A-3B7A-AEFF-14824BFD582F}
	EndProjectSection
EndProject
Global
	GlobalSection(SolutionConfigurationPlatforms) = preSolution
		Debug|x64 = Debug|x64
		Release|x64 = Release|x64
		MinSizeRel|x64 = MinSizeRel|x64
		RelWithDebInfo|x64 = RelWithDebInfo|x64
	EndGlobalSection
	GlobalSection(ProjectConfigurationPlatforms) = postSolution
		{4068873B-6D39-3006-9657-0C912B7BA907}.Debug|x64.ActiveCfg = Debug|x64
		{4068873B-6D39-3006-9657-0C912B7BA907}.Debug|x64.Build.0 = Debug|x64
		{4068873B-6D39-3006-9657-0C912B7BA907}.Release|x64.ActiveCfg = Release|x64
		{4068873B-6D39-3006-9657-0C912B7BA907}.Release|x64.Build.0 = Release|x64
		{4068873B-6D39-3006-9657-0C912B7BA907}.MinSizeRel|x64.ActiveCfg = MinSizeRel|x64
		{4068873B-6D39-3006-9657-0C912B7BA907}.MinSizeRel|x64.Build.0 = MinSizeRel|x64
		{4068873B-6D39-3006-9657-0C912B7BA907}.RelWithDebInfo|x64.ActiveCfg = RelWithDebInfo|x64
		{4068873B-6D39-3006-9657-0C912B7BA907}.RelWithDebInfo|x64.Build.0 = RelWithDebInfo|x64
		{0F18A8E7-0EDD-3091-8408-CBED6DA16841}.Debug|x64.ActiveCfg = Debug|x64
		{0F18A8E7-0EDD-3091-8408-CBED6DA16841}.Release|x64.ActiveCfg = Release|x64
		{0F18A8E7-0EDD-3091-8408-CBED6DA16841}.MinSizeRel|x64.ActiveCfg = MinSizeRel|x64
		{0F18A8E7-0EDD-3091-8408-CBED6DA16841}.RelWithDebInfo|x64.ActiveCfg = RelWithDebInfo|x64
		{ED592E1A-091A-3B7A-AEFF-14824BFD582F}.Debug|x64.ActiveCfg = Debug|x64
		{ED592E1A-091A-3B7A-AEFF-14824BFD582F}.Debug|x64.Build.0 = Debug|x64
		{ED592E1A-091A-3B7A-AEFF-14824BFD582F}.Release|x64.ActiveCfg = Release|x64
		{ED592E1A-091A-3B7A-AEFF-14824BFD582F}.Release|x64.Build.0 = Release|x64
		{ED592E1A-091A-3B7A-AEFF-14824BFD582F}.MinSizeRel|x64.ActiveCfg = MinSizeRel|x64
		{ED592E1A-091A-3B7A-AEFF-14824BFD582F}.MinSizeRel|x64.Build.0 = MinSizeRel|x64
		{ED592E1A-091A-3B7A-AEFF-14824BFD582F}.RelWithDebInfo|x64.ActiveCfg = RelWithDebInfo|x64
		{ED592E1A-091A-3B7A-AEFF-14824BFD582F}.RelWithDebInfo|x64.Build.0 = RelWithDebInfo|x64
		{D0805A8C-F22B-3512-8A21-0FB3AFC046B3}.Debug|x64.ActiveCfg = Debug|x64
		{D0805A8C-F22B-3512-8A21-0FB3AFC046B3}.Debug|x64.Build.0 = Debug|x64
		{D0805A8C-F22B-3512-8A21-0FB3AFC046B3}.Release|x64.ActiveCfg = Release|x64
		{D0805A8C-F22B-3512-8A21-0FB3AFC046B3}.Release|x64.Build.0 = Release|x64
		{D0805A8C-F22B-3512-8A21-0FB3AFC046B3}.MinSizeRel|x64.ActiveCfg = MinSizeRel|x64
		{D0805A8C-F22B-3512-8A21-0FB3AFC046B3}.MinSizeRel|x64.Build.0 = MinSizeRel|x64
		{D0805A8C-F22B-3512-8A21-0FB3AFC046B3}.RelWithDebInfo|x64.ActiveCfg = RelWithDebInfo|x64
		{D0805A8C-F22B-3512-8A21-0FB3AFC046B3}.RelWithDebInfo|x64.Build.0 = RelWithDebInfo|x64
	EndGlobalSection
	GlobalSection(ExtensibilityGlobals) = postSolution
		SolutionGuid = {C1785F35-A3E5-365C-A90A-21DDE64FA77E}
	EndGlobalSection
	GlobalSection(ExtensibilityAddIns) = postSolution
	EndGlobalSection
EndGlobal
